
Microsoft Visual Studio Solution File, Format Version 12.00
# Visual Studio Version 16
VisualStudioVersion = 16.0.32228.343
MinimumVisualStudioVersion = 10.0.40219.1
Project("{9A19103F-16F7-4668-BE54-9A1E7A4F7556}") = "Message Decrypter", "Message Decrypter\Message Decrypter.csproj", "{7C300890-E81F-447A-B239-CA4F23B501B7}"
EndProject
Project("{9A19103F-16F7-4668-BE54-9A1E7A4F7556}") = "Hogwarts", "Hogwarts\Hogwarts.csproj", "{79327B3B-EC3E-4721-9C60-D05E5C071F76}"
EndProject
Project("{9A19103F-16F7-4668-BE54-9A1E7A4F7556}") = "Followers", "Followers\Followers.csproj", "{BC5AADB4-6B77-4BEB-B680-525316C6C62E}"
EndProject
Global
	GlobalSection(SolutionConfigurationPlatforms) = preSolution
		Debug|Any CPU = Debug|Any CPU
		Release|Any CPU = Release|Any CPU
	EndGlobalSection
	GlobalSection(ProjectConfigurationPlatforms) = postSolution
		{7C300890-E81F-447A-B239-CA4F23B501B7}.Debug|Any CPU.ActiveCfg = Debug|Any CPU
		{7C300890-E81F-447A-B239-CA4F23B501B7}.Debug|Any CPU.Build.0 = Debug|Any CPU
		{7C300890-E81F-447A-B239-CA4F23B501B7}.Release|Any CPU.ActiveCfg = Release|Any CPU
		{7C300890-E81F-447A-B239-CA4F23B501B7}.Release|Any CPU.Build.0 = Release|Any CPU
		{79327B3B-EC3E-4721-9C60-D05E5C071F76}.Debug|Any CPU.ActiveCfg = Debug|Any CPU
		{79327B3B-EC3E-4721-9C60-D05E5C071F76}.Debug|Any CPU.Build.0 = Debug|Any CPU
		{79327B3B-EC3E-4721-9C60-D05E5C071F76}.Release|Any CPU.ActiveCfg = Release|Any CPU
		{79327B3B-EC3E-4721-9C60-D05E5C071F76}.Release|Any CPU.Build.0 = Release|Any CPU
		{BC5AADB4-6B77-4BEB-B680-525316C6C62E}.Debug|Any CPU.ActiveCfg = Debug|Any CPU
		{BC5AADB4-6B77-4BEB-B680-525316C6C62E}.Debug|Any CPU.Build.0 = Debug|Any CPU
		{BC5AADB4-6B77-4BEB-B680-525316C6C62E}.Release|Any CPU.ActiveCfg = Release|Any CPU
		{BC5AADB4-6B77-4BEB-B680-525316C6C62E}.Release|Any CPU.Build.0 = Release|Any CPU
	EndGlobalSection
	GlobalSection(SolutionProperties) = preSolution
		HideSolutionNode = FALSE
	EndGlobalSection
	GlobalSection(ExtensibilityGlobals) = postSolution
		SolutionGuid = {A5702B02-2837-4D20-B5B4-78FFDE600A31}
	EndGlobalSection
EndGlobal
