
Microsoft Visual Studio Solution File, Format Version 12.00
# Visual Studio Version 16
VisualStudioVersion = 16.0.32413.511
MinimumVisualStudioVersion = 10.0.40219.1
Project("{9A19103F-16F7-4668-BE54-9A1E7A4F7556}") = "Black Flag", "Black Flag\Black Flag.csproj", "{F45B7E88-C807-42F8-BB0E-780EC01BF4C5}"
EndProject
Project("{9A19103F-16F7-4668-BE54-9A1E7A4F7556}") = "Treasure Hunt", "Treasure Hunt\Treasure Hunt.csproj", "{D03F88AF-FE47-4EF1-BEF5-AF35818318CA}"
EndProject
Project("{9A19103F-16F7-4668-BE54-9A1E7A4F7556}") = "Man O War", "Man O War\Man O War.csproj", "{167ECB62-6BF1-4E48-971B-EF25F9D996B3}"
EndProject
Global
	GlobalSection(SolutionConfigurationPlatforms) = preSolution
		Debug|Any CPU = Debug|Any CPU
		Release|Any CPU = Release|Any CPU
	EndGlobalSection
	GlobalSection(ProjectConfigurationPlatforms) = postSolution
		{F45B7E88-C807-42F8-BB0E-780EC01BF4C5}.Debug|Any CPU.ActiveCfg = Debug|Any CPU
		{F45B7E88-C807-42F8-BB0E-780EC01BF4C5}.Debug|Any CPU.Build.0 = Debug|Any CPU
		{F45B7E88-C807-42F8-BB0E-780EC01BF4C5}.Release|Any CPU.ActiveCfg = Release|Any CPU
		{F45B7E88-C807-42F8-BB0E-780EC01BF4C5}.Release|Any CPU.Build.0 = Release|Any CPU
		{D03F88AF-FE47-4EF1-BEF5-AF35818318CA}.Debug|Any CPU.ActiveCfg = Debug|Any CPU
		{D03F88AF-FE47-4EF1-BEF5-AF35818318CA}.Debug|Any CPU.Build.0 = Debug|Any CPU
		{D03F88AF-FE47-4EF1-BEF5-AF35818318CA}.Release|Any CPU.ActiveCfg = Release|Any CPU
		{D03F88AF-FE47-4EF1-BEF5-AF35818318CA}.Release|Any CPU.Build.0 = Release|Any CPU
		{167ECB62-6BF1-4E48-971B-EF25F9D996B3}.Debug|Any CPU.ActiveCfg = Debug|Any CPU
		{167ECB62-6BF1-4E48-971B-EF25F9D996B3}.Debug|Any CPU.Build.0 = Debug|Any CPU
		{167ECB62-6BF1-4E48-971B-EF25F9D996B3}.Release|Any CPU.ActiveCfg = Release|Any CPU
		{167ECB62-6BF1-4E48-971B-EF25F9D996B3}.Release|Any CPU.Build.0 = Release|Any CPU
	EndGlobalSection
	GlobalSection(SolutionProperties) = preSolution
		HideSolutionNode = FALSE
	EndGlobalSection
	GlobalSection(ExtensibilityGlobals) = postSolution
		SolutionGuid = {071BFB57-E6E2-4BA3-837F-BCD292AEE8D4}
	EndGlobalSection
EndGlobal
