
Microsoft Visual Studio Solution File, Format Version 12.00
# Visual Studio Version 16
VisualStudioVersion = 16.0.31727.386
MinimumVisualStudioVersion = 10.0.40219.1
Project("{9A19103F-16F7-4668-BE54-9A1E7A4F7556}") = "Password Reset", "Password Reset\Password Reset.csproj", "{B676EE3C-BFAE-455C-94CE-AD6F5E213281}"
EndProject
Project("{9A19103F-16F7-4668-BE54-9A1E7A4F7556}") = "Heroes of Code and Logic VII", "Heroes of Code and Logic VII\Heroes of Code and Logic VII.csproj", "{B277F717-52AC-42BA-B99B-BC80F8B4A801}"
EndProject
Project("{9A19103F-16F7-4668-BE54-9A1E7A4F7556}") = "Fancy Barcodes", "Fancy Barcodes\Fancy Barcodes.csproj", "{53F0B0D0-DCAB-43FA-8294-B91008025C90}"
EndProject
Global
	GlobalSection(SolutionConfigurationPlatforms) = preSolution
		Debug|Any CPU = Debug|Any CPU
		Release|Any CPU = Release|Any CPU
	EndGlobalSection
	GlobalSection(ProjectConfigurationPlatforms) = postSolution
		{B676EE3C-BFAE-455C-94CE-AD6F5E213281}.Debug|Any CPU.ActiveCfg = Debug|Any CPU
		{B676EE3C-BFAE-455C-94CE-AD6F5E213281}.Debug|Any CPU.Build.0 = Debug|Any CPU
		{B676EE3C-BFAE-455C-94CE-AD6F5E213281}.Release|Any CPU.ActiveCfg = Release|Any CPU
		{B676EE3C-BFAE-455C-94CE-AD6F5E213281}.Release|Any CPU.Build.0 = Release|Any CPU
		{B277F717-52AC-42BA-B99B-BC80F8B4A801}.Debug|Any CPU.ActiveCfg = Debug|Any CPU
		{B277F717-52AC-42BA-B99B-BC80F8B4A801}.Debug|Any CPU.Build.0 = Debug|Any CPU
		{B277F717-52AC-42BA-B99B-BC80F8B4A801}.Release|Any CPU.ActiveCfg = Release|Any CPU
		{B277F717-52AC-42BA-B99B-BC80F8B4A801}.Release|Any CPU.Build.0 = Release|Any CPU
		{53F0B0D0-DCAB-43FA-8294-B91008025C90}.Debug|Any CPU.ActiveCfg = Debug|Any CPU
		{53F0B0D0-DCAB-43FA-8294-B91008025C90}.Debug|Any CPU.Build.0 = Debug|Any CPU
		{53F0B0D0-DCAB-43FA-8294-B91008025C90}.Release|Any CPU.ActiveCfg = Release|Any CPU
		{53F0B0D0-DCAB-43FA-8294-B91008025C90}.Release|Any CPU.Build.0 = Release|Any CPU
	EndGlobalSection
	GlobalSection(SolutionProperties) = preSolution
		HideSolutionNode = FALSE
	EndGlobalSection
	GlobalSection(ExtensibilityGlobals) = postSolution
		SolutionGuid = {47B2A2C7-95FC-44AF-A51A-F891376C3E51}
	EndGlobalSection
EndGlobal
