
Microsoft Visual Studio Solution File, Format Version 12.00
# Visual Studio Version 16
VisualStudioVersion = 16.0.31727.386
MinimumVisualStudioVersion = 10.0.40219.1
Project("{9A19103F-16F7-4668-BE54-9A1E7A4F7556}") = "Add and Subtract", "Add and Subtract\Add and Subtract.csproj", "{F89C3A54-3445-4CE1-B9EE-7D2A99FDB446}"
EndProject
Project("{9A19103F-16F7-4668-BE54-9A1E7A4F7556}") = "Array Manipulator", "Array Manipulator\Array Manipulator.csproj", "{65A9BE39-9F42-4060-B364-73D796CFB3DE}"
EndProject
Project("{9A19103F-16F7-4668-BE54-9A1E7A4F7556}") = "Characters in Range", "Characters in Range\Characters in Range.csproj", "{0F80D5F1-24FF-46EC-BDB9-C543E029D0CC}"
EndProject
Project("{9A19103F-16F7-4668-BE54-9A1E7A4F7556}") = "Factorial Division", "Factorial Division\Factorial Division.csproj", "{786488A7-C783-4E85-95CD-F229B3D54398}"
EndProject
Project("{9A19103F-16F7-4668-BE54-9A1E7A4F7556}") = "Middle Characters", "Middle Characters\Middle Characters.csproj", "{8BFA25E7-54A9-45DD-BD57-77417AFF3CAD}"
EndProject
Project("{9A19103F-16F7-4668-BE54-9A1E7A4F7556}") = "NxN Matrix", "NxN Matrix\NxN Matrix.csproj", "{D7E30B25-4249-446D-BD9D-723C3E49F7AD}"
EndProject
Project("{9A19103F-16F7-4668-BE54-9A1E7A4F7556}") = "Palindrome Integers", "Palindrome Integers\Palindrome Integers.csproj", "{CEDA3D30-0A98-41F4-99B0-8C6AEABA9075}"
EndProject
Project("{9A19103F-16F7-4668-BE54-9A1E7A4F7556}") = "Password Validator", "Password Validator\Password Validator.csproj", "{FCF3544C-5860-4092-9F54-64E7F573F6B4}"
EndProject
Project("{9A19103F-16F7-4668-BE54-9A1E7A4F7556}") = "Smallest of Three Numbers", "Smallest of Three Numbers\Smallest of Three Numbers.csproj", "{2D2AFEA4-FB47-4A2A-B0BC-04D28054A3CA}"
EndProject
Project("{9A19103F-16F7-4668-BE54-9A1E7A4F7556}") = "Top Number", "Top Number\Top Number.csproj", "{2476AB6D-A200-4DF9-971E-0CB72A855D1E}"
EndProject
Project("{9A19103F-16F7-4668-BE54-9A1E7A4F7556}") = "Vowels Count", "Vowels Count\Vowels Count.csproj", "{9A3D3C17-D4DF-40AD-9657-0E0C0EB3038C}"
EndProject
Global
	GlobalSection(SolutionConfigurationPlatforms) = preSolution
		Debug|Any CPU = Debug|Any CPU
		Release|Any CPU = Release|Any CPU
	EndGlobalSection
	GlobalSection(ProjectConfigurationPlatforms) = postSolution
		{F89C3A54-3445-4CE1-B9EE-7D2A99FDB446}.Debug|Any CPU.ActiveCfg = Debug|Any CPU
		{F89C3A54-3445-4CE1-B9EE-7D2A99FDB446}.Debug|Any CPU.Build.0 = Debug|Any CPU
		{F89C3A54-3445-4CE1-B9EE-7D2A99FDB446}.Release|Any CPU.ActiveCfg = Release|Any CPU
		{F89C3A54-3445-4CE1-B9EE-7D2A99FDB446}.Release|Any CPU.Build.0 = Release|Any CPU
		{65A9BE39-9F42-4060-B364-73D796CFB3DE}.Debug|Any CPU.ActiveCfg = Debug|Any CPU
		{65A9BE39-9F42-4060-B364-73D796CFB3DE}.Debug|Any CPU.Build.0 = Debug|Any CPU
		{65A9BE39-9F42-4060-B364-73D796CFB3DE}.Release|Any CPU.ActiveCfg = Release|Any CPU
		{65A9BE39-9F42-4060-B364-73D796CFB3DE}.Release|Any CPU.Build.0 = Release|Any CPU
		{0F80D5F1-24FF-46EC-BDB9-C543E029D0CC}.Debug|Any CPU.ActiveCfg = Debug|Any CPU
		{0F80D5F1-24FF-46EC-BDB9-C543E029D0CC}.Debug|Any CPU.Build.0 = Debug|Any CPU
		{0F80D5F1-24FF-46EC-BDB9-C543E029D0CC}.Release|Any CPU.ActiveCfg = Release|Any CPU
		{0F80D5F1-24FF-46EC-BDB9-C543E029D0CC}.Release|Any CPU.Build.0 = Release|Any CPU
		{786488A7-C783-4E85-95CD-F229B3D54398}.Debug|Any CPU.ActiveCfg = Debug|Any CPU
		{786488A7-C783-4E85-95CD-F229B3D54398}.Debug|Any CPU.Build.0 = Debug|Any CPU
		{786488A7-C783-4E85-95CD-F229B3D54398}.Release|Any CPU.ActiveCfg = Release|Any CPU
		{786488A7-C783-4E85-95CD-F229B3D54398}.Release|Any CPU.Build.0 = Release|Any CPU
		{8BFA25E7-54A9-45DD-BD57-77417AFF3CAD}.Debug|Any CPU.ActiveCfg = Debug|Any CPU
		{8BFA25E7-54A9-45DD-BD57-77417AFF3CAD}.Debug|Any CPU.Build.0 = Debug|Any CPU
		{8BFA25E7-54A9-45DD-BD57-77417AFF3CAD}.Release|Any CPU.ActiveCfg = Release|Any CPU
		{8BFA25E7-54A9-45DD-BD57-77417AFF3CAD}.Release|Any CPU.Build.0 = Release|Any CPU
		{D7E30B25-4249-446D-BD9D-723C3E49F7AD}.Debug|Any CPU.ActiveCfg = Debug|Any CPU
		{D7E30B25-4249-446D-BD9D-723C3E49F7AD}.Debug|Any CPU.Build.0 = Debug|Any CPU
		{D7E30B25-4249-446D-BD9D-723C3E49F7AD}.Release|Any CPU.ActiveCfg = Release|Any CPU
		{D7E30B25-4249-446D-BD9D-723C3E49F7AD}.Release|Any CPU.Build.0 = Release|Any CPU
		{CEDA3D30-0A98-41F4-99B0-8C6AEABA9075}.Debug|Any CPU.ActiveCfg = Debug|Any CPU
		{CEDA3D30-0A98-41F4-99B0-8C6AEABA9075}.Debug|Any CPU.Build.0 = Debug|Any CPU
		{CEDA3D30-0A98-41F4-99B0-8C6AEABA9075}.Release|Any CPU.ActiveCfg = Release|Any CPU
		{CEDA3D30-0A98-41F4-99B0-8C6AEABA9075}.Release|Any CPU.Build.0 = Release|Any CPU
		{FCF3544C-5860-4092-9F54-64E7F573F6B4}.Debug|Any CPU.ActiveCfg = Debug|Any CPU
		{FCF3544C-5860-4092-9F54-64E7F573F6B4}.Debug|Any CPU.Build.0 = Debug|Any CPU
		{FCF3544C-5860-4092-9F54-64E7F573F6B4}.Release|Any CPU.ActiveCfg = Release|Any CPU
		{FCF3544C-5860-4092-9F54-64E7F573F6B4}.Release|Any CPU.Build.0 = Release|Any CPU
		{2D2AFEA4-FB47-4A2A-B0BC-04D28054A3CA}.Debug|Any CPU.ActiveCfg = Debug|Any CPU
		{2D2AFEA4-FB47-4A2A-B0BC-04D28054A3CA}.Debug|Any CPU.Build.0 = Debug|Any CPU
		{2D2AFEA4-FB47-4A2A-B0BC-04D28054A3CA}.Release|Any CPU.ActiveCfg = Release|Any CPU
		{2D2AFEA4-FB47-4A2A-B0BC-04D28054A3CA}.Release|Any CPU.Build.0 = Release|Any CPU
		{2476AB6D-A200-4DF9-971E-0CB72A855D1E}.Debug|Any CPU.ActiveCfg = Debug|Any CPU
		{2476AB6D-A200-4DF9-971E-0CB72A855D1E}.Debug|Any CPU.Build.0 = Debug|Any CPU
		{2476AB6D-A200-4DF9-971E-0CB72A855D1E}.Release|Any CPU.ActiveCfg = Release|Any CPU
		{2476AB6D-A200-4DF9-971E-0CB72A855D1E}.Release|Any CPU.Build.0 = Release|Any CPU
		{9A3D3C17-D4DF-40AD-9657-0E0C0EB3038C}.Debug|Any CPU.ActiveCfg = Debug|Any CPU
		{9A3D3C17-D4DF-40AD-9657-0E0C0EB3038C}.Debug|Any CPU.Build.0 = Debug|Any CPU
		{9A3D3C17-D4DF-40AD-9657-0E0C0EB3038C}.Release|Any CPU.ActiveCfg = Release|Any CPU
		{9A3D3C17-D4DF-40AD-9657-0E0C0EB3038C}.Release|Any CPU.Build.0 = Release|Any CPU
	EndGlobalSection
	GlobalSection(SolutionProperties) = preSolution
		HideSolutionNode = FALSE
	EndGlobalSection
	GlobalSection(ExtensibilityGlobals) = postSolution
		SolutionGuid = {E3902A8F-F955-4578-A965-5A036C63B493}
	EndGlobalSection
EndGlobal
